
Microsoft Visual Studio Solution File, Format Version 12.00
# Visual Studio Version 16
VisualStudioVersion = 16.0.29409.12
MinimumVisualStudioVersion = 10.0.40219.1
Project("{FAE04EC0-301F-11D3-BF4B-00C04F79EFBC}") = "Randevu_Sistemi_Proje_Odevi", "Randevu_Sistemi_Proje_Odevi\Randevu_Sistemi_Proje_Odevi.csproj", "{1A1DF3CD-A08D-4955-8CA3-95826130CFC3}"
EndProject
Global
	GlobalSection(SolutionConfigurationPlatforms) = preSolution
		Debug|Any CPU = Debug|Any CPU
		Release|Any CPU = Release|Any CPU
	EndGlobalSection
	GlobalSection(ProjectConfigurationPlatforms) = postSolution
		{1A1DF3CD-A08D-4955-8CA3-95826130CFC3}.Debug|Any CPU.ActiveCfg = Debug|Any CPU
		{1A1DF3CD-A08D-4955-8CA3-95826130CFC3}.Debug|Any CPU.Build.0 = Debug|Any CPU
		{1A1DF3CD-A08D-4955-8CA3-95826130CFC3}.Release|Any CPU.ActiveCfg = Release|Any CPU
		{1A1DF3CD-A08D-4955-8CA3-95826130CFC3}.Release|Any CPU.Build.0 = Release|Any CPU
	EndGlobalSection
	GlobalSection(SolutionProperties) = preSolution
		HideSolutionNode = FALSE
	EndGlobalSection
	GlobalSection(ExtensibilityGlobals) = postSolution
		SolutionGuid = {382437CF-C837-48D0-93A9-6F984AB2E2CD}
	EndGlobalSection
EndGlobal
